
Microsoft Visual Studio Solution File, Format Version 12.00
# Visual Studio Version 17
VisualStudioVersion = 17.6.33815.320
MinimumVisualStudioVersion = 10.0.40219.1
Project("{9A19103F-16F7-4668-BE54-9A1E7A4F7556}") = "Mistweaver.Data", "Spells\Mistweaver.Data.csproj", "{AA057E5F-31D9-4164-9DA2-7BF4C3EF6B94}"
EndProject
Project("{9A19103F-16F7-4668-BE54-9A1E7A4F7556}") = "MathematicalMistweaving.API", "MathematicalMistweaving.API\MathematicalMistweaving.API.csproj", "{92C92ABE-0C34-4D36-931D-0BE0CBB47632}"
EndProject
Project("{9A19103F-16F7-4668-BE54-9A1E7A4F7556}") = "MathematicalMistweavingTests", "MathematicalMistweavingTests\MathematicalMistweavingTests.csproj", "{37321BB8-63D1-4E95-B561-96970BED610C}"
EndProject
Project("{9A19103F-16F7-4668-BE54-9A1E7A4F7556}") = "Mistweaver.Math", "Mistweaver.Math\Mistweaver.Math.csproj", "{E747FFA5-2D44-4E10-9629-F005E8EDF9BD}"
EndProject
Project("{2150E333-8FDC-42A3-9474-1A3956D46DE8}") = "Solution Items", "Solution Items", "{A5C5BCCE-F8D9-4EAA-9D94-147003C35AC4}"
	ProjectSection(SolutionItems) = preProject
		.editorconfig = .editorconfig
	EndProjectSection
EndProject
Global
	GlobalSection(SolutionConfigurationPlatforms) = preSolution
		Debug|Any CPU = Debug|Any CPU
		Release|Any CPU = Release|Any CPU
	EndGlobalSection
	GlobalSection(ProjectConfigurationPlatforms) = postSolution
		{AA057E5F-31D9-4164-9DA2-7BF4C3EF6B94}.Debug|Any CPU.ActiveCfg = Debug|Any CPU
		{AA057E5F-31D9-4164-9DA2-7BF4C3EF6B94}.Debug|Any CPU.Build.0 = Debug|Any CPU
		{AA057E5F-31D9-4164-9DA2-7BF4C3EF6B94}.Release|Any CPU.ActiveCfg = Release|Any CPU
		{AA057E5F-31D9-4164-9DA2-7BF4C3EF6B94}.Release|Any CPU.Build.0 = Release|Any CPU
		{92C92ABE-0C34-4D36-931D-0BE0CBB47632}.Debug|Any CPU.ActiveCfg = Debug|Any CPU
		{92C92ABE-0C34-4D36-931D-0BE0CBB47632}.Debug|Any CPU.Build.0 = Debug|Any CPU
		{92C92ABE-0C34-4D36-931D-0BE0CBB47632}.Release|Any CPU.ActiveCfg = Release|Any CPU
		{92C92ABE-0C34-4D36-931D-0BE0CBB47632}.Release|Any CPU.Build.0 = Release|Any CPU
		{37321BB8-63D1-4E95-B561-96970BED610C}.Debug|Any CPU.ActiveCfg = Debug|Any CPU
		{37321BB8-63D1-4E95-B561-96970BED610C}.Debug|Any CPU.Build.0 = Debug|Any CPU
		{37321BB8-63D1-4E95-B561-96970BED610C}.Release|Any CPU.ActiveCfg = Release|Any CPU
		{37321BB8-63D1-4E95-B561-96970BED610C}.Release|Any CPU.Build.0 = Release|Any CPU
		{E747FFA5-2D44-4E10-9629-F005E8EDF9BD}.Debug|Any CPU.ActiveCfg = Debug|Any CPU
		{E747FFA5-2D44-4E10-9629-F005E8EDF9BD}.Debug|Any CPU.Build.0 = Debug|Any CPU
		{E747FFA5-2D44-4E10-9629-F005E8EDF9BD}.Release|Any CPU.ActiveCfg = Release|Any CPU
		{E747FFA5-2D44-4E10-9629-F005E8EDF9BD}.Release|Any CPU.Build.0 = Release|Any CPU
	EndGlobalSection
	GlobalSection(SolutionProperties) = preSolution
		HideSolutionNode = FALSE
	EndGlobalSection
	GlobalSection(ExtensibilityGlobals) = postSolution
		SolutionGuid = {FBAA68BE-2A9B-4DD3-A02B-0490E3689403}
	EndGlobalSection
EndGlobal
